
Microsoft Visual Studio Solution File, Format Version 12.00
# Visual Studio Version 16
VisualStudioVersion = 16.0.29306.81
MinimumVisualStudioVersion = 10.0.40219.1
Project("{9A19103F-16F7-4668-BE54-9A1E7A4F7556}") = "Ruzzie.Azure.Storage", "Ruzzie.Azure.Storage\Ruzzie.Azure.Storage.csproj", "{9DA26AB0-0AC5-4588-A9F6-9B7D3B2D8537}"
EndProject
Project("{FAE04EC0-301F-11D3-BF4B-00C04F79EFBC}") = "Ruzzie.Azure.Storage.UnitTests", "Ruzzie.Azure.Storage.UnitTests\Ruzzie.Azure.Storage.UnitTests.csproj", "{94302900-1DE5-4ED0-97F3-99711D8A9432}"
EndProject
Global
	GlobalSection(SolutionConfigurationPlatforms) = preSolution
		Debug|Any CPU = Debug|Any CPU
		Release|Any CPU = Release|Any CPU
	EndGlobalSection
	GlobalSection(ProjectConfigurationPlatforms) = postSolution
		{9DA26AB0-0AC5-4588-A9F6-9B7D3B2D8537}.Debug|Any CPU.ActiveCfg = Debug|Any CPU
		{9DA26AB0-0AC5-4588-A9F6-9B7D3B2D8537}.Debug|Any CPU.Build.0 = Debug|Any CPU
		{9DA26AB0-0AC5-4588-A9F6-9B7D3B2D8537}.Release|Any CPU.ActiveCfg = Release|Any CPU
		{9DA26AB0-0AC5-4588-A9F6-9B7D3B2D8537}.Release|Any CPU.Build.0 = Release|Any CPU
		{94302900-1DE5-4ED0-97F3-99711D8A9432}.Debug|Any CPU.ActiveCfg = Debug|Any CPU
		{94302900-1DE5-4ED0-97F3-99711D8A9432}.Debug|Any CPU.Build.0 = Debug|Any CPU
		{94302900-1DE5-4ED0-97F3-99711D8A9432}.Release|Any CPU.ActiveCfg = Release|Any CPU
		{94302900-1DE5-4ED0-97F3-99711D8A9432}.Release|Any CPU.Build.0 = Release|Any CPU
	EndGlobalSection
	GlobalSection(SolutionProperties) = preSolution
		HideSolutionNode = FALSE
	EndGlobalSection
	GlobalSection(ExtensibilityGlobals) = postSolution
		SolutionGuid = {F24018F4-F61C-443E-92AA-B6A3490B9669}
	EndGlobalSection
EndGlobal
